<?xml version="1.0" encoding="utf-8"?>
<Project ToolsVersion="4.0" xmlns="http://schemas.microsoft.com/developer/msbuild/2003">
  <ItemGroup>
    <Filter Include="Source Files">
      <UniqueIdentifier>{4FC737F1-C7A5-4376-A066-2A32D752A2FF}</UniqueIdentifier>
      <Extensions>cpp;c;cc;cxx;def;odl;idl;hpj;bat;asm;asmx</Extensions>
    </Filter>
    <Filter Include="Header Files">
      <UniqueIdentifier>{93995380-89BD-4b04-88EB-625FBE52EBFB}</UniqueIdentifier>
      <Extensions>h;hh;hpp;hxx;hm;inl;inc;xsd</Extensions>
    </Filter>
    <Filter Include="Resource Files">
      <UniqueIdentifier>{67DA6AB6-F800-4c08-8B7A-83BB121AAD01}</UniqueIdentifier>
      <Extensions>rc;ico;cur;bmp;dlg;rc2;rct;bin;rgs;gif;jpg;jpeg;jpe;resx;tiff;tif;png;wav;mfcribbon-ms</Extensions>
    </Filter>
    <Filter Include="Header Files\Engine">
      <UniqueIdentifier>{f13fd7ed-2e51-4695-a99b-3005f72b9cc3}</UniqueIdentifier>
    </Filter>
    <Filter Include="Source Files\Engine">
      <UniqueIdentifier>{e013aab3-7845-4775-bc38-2611ab4b7266}</UniqueIdentifier>
    </Filter>
    <Filter Include="Header Files\Engine\BaseGraphics">
      <UniqueIdentifier>{2af7c580-e068-4978-87e0-25d2ba650fe2}</UniqueIdentifier>
    </Filter>
    <Filter Include="Source Files\Engine\BaseGraphics">
      <UniqueIdentifier>{e0fdb58a-30ab-409e-b404-3efe248f4327}</UniqueIdentifier>
    </Filter>
    <Filter Include="Header Files\Screens">
      <UniqueIdentifier>{8bf77e76-7cb2-473f-9973-9d26ff483e02}</UniqueIdentifier>
    </Filter>
    <Filter Include="Source Files\Screens">
      <UniqueIdentifier>{22eaf9f5-35ce-49cd-8ee4-0fbb506c4c73}</UniqueIdentifier>
    </Filter>
    <Filter Include="Header Files\GUI">
      <UniqueIdentifier>{f8e09f72-e744-4e63-ae62-16c3f2a40a8f}</UniqueIdentifier>
    </Filter>
    <Filter Include="Source Files\GUI">
      <UniqueIdentifier>{6379cebb-a932-4277-aa5c-3eb9c92b552c}</UniqueIdentifier>
    </Filter>
    <Filter Include="Header Files\Screens\MapData">
      <UniqueIdentifier>{30847525-3c6e-4a3c-89ba-c0d42c9979be}</UniqueIdentifier>
    </Filter>
    <Filter Include="Source Files\Screens\MapData">
      <UniqueIdentifier>{dc6d6092-606c-4d3f-81c9-abfe1a868613}</UniqueIdentifier>
    </Filter>
    <Filter Include="Source Files\MapObjects">
      <UniqueIdentifier>{38aeb14c-4698-475a-8647-5ad298da1e17}</UniqueIdentifier>
    </Filter>
    <Filter Include="Header Files\MapObjects">
      <UniqueIdentifier>{2baa591a-c3ef-4b42-a26a-fae572a466eb}</UniqueIdentifier>
    </Filter>
    <Filter Include="Source Files\BattleObjects">
      <UniqueIdentifier>{39d1e908-4855-4405-a0b5-698f35aff8fa}</UniqueIdentifier>
    </Filter>
    <Filter Include="Header Files\BattleObjects">
      <UniqueIdentifier>{f45759cf-6af7-46d4-8992-ad79959c0036}</UniqueIdentifier>
    </Filter>
  </ItemGroup>
  <ItemGroup>
    <ClCompile Include="Source\Game.cpp">
      <Filter>Source Files</Filter>
    </ClCompile>
    <ClCompile Include="Source\Engine\GameEngine.cpp">
      <Filter>Source Files\Engine</Filter>
    </ClCompile>
    <ClCompile Include="Source\Engine\GraphicsEngine.cpp">
      <Filter>Source Files\Engine</Filter>
    </ClCompile>
    <ClCompile Include="Source\Engine\Input.cpp">
      <Filter>Source Files\Engine</Filter>
    </ClCompile>
    <ClCompile Include="Source\Engine\main.cpp">
      <Filter>Source Files\Engine</Filter>
    </ClCompile>
    <ClCompile Include="Source\Engine\BaseGraphics\FontSet.cpp">
      <Filter>Source Files\Engine\BaseGraphics</Filter>
    </ClCompile>
    <ClCompile Include="Source\Engine\BaseGraphics\Sprite.cpp">
      <Filter>Source Files\Engine\BaseGraphics</Filter>
    </ClCompile>
    <ClCompile Include="Source\GameScreens\BattleScreen.cpp">
      <Filter>Source Files\Screens</Filter>
    </ClCompile>
    <ClCompile Include="Source\GameScreens\MapScreen.cpp">
      <Filter>Source Files\Screens</Filter>
    </ClCompile>
    <ClCompile Include="Source\GameScreens\MenuScreen.cpp">
      <Filter>Source Files\Screens</Filter>
    </ClCompile>
    <ClCompile Include="Source\GameObjects\GUIObjects\Button.cpp">
      <Filter>Source Files\GUI</Filter>
    </ClCompile>
    <ClCompile Include="Source\GameObjects\GUIObjects\TextLabel.cpp">
      <Filter>Source Files\GUI</Filter>
    </ClCompile>
    <ClCompile Include="Source\GameObjects\GUIObjects\Dialog.cpp">
      <Filter>Source Files\GUI</Filter>
    </ClCompile>
    <ClCompile Include="Source\Engine\MouseController.cpp">
      <Filter>Source Files\Engine</Filter>
    </ClCompile>
    <ClCompile Include="Source\GameObjects\GUIObjects\TextBox.cpp">
      <Filter>Source Files\GUI</Filter>
    </ClCompile>
    <ClCompile Include="Source\GameObjects\GUIObjects\ListBox.cpp">
      <Filter>Source Files\GUI</Filter>
    </ClCompile>
    <ClCompile Include="Source\GameObjects\GUIObjects\CommandBox.cpp">
      <Filter>Source Files\GUI</Filter>
    </ClCompile>
    <ClCompile Include="Source\GameObjects\GUIObjects\TextBoxManager.cpp">
      <Filter>Source Files\GUI</Filter>
    </ClCompile>
    <ClCompile Include="Source\GameObjects\GUIObjects\MenuTest.cpp">
      <Filter>Source Files</Filter>
    </ClCompile>
    <ClCompile Include="Source\GameObjects\GUIObjects\GUIBox.cpp">
      <Filter>Source Files\GUI</Filter>
    </ClCompile>
    <ClCompile Include="Source\GameObjects\GUIObjects\AlphaInputBox.cpp">
      <Filter>Source Files\GUI</Filter>
    </ClCompile>
    <ClCompile Include="Source\Engine\SimpleKeyboard.cpp">
      <Filter>Source Files\Engine</Filter>
    </ClCompile>
    <ClCompile Include="Source\GameObjects\GameVariables.cpp">
      <Filter>Source Files</Filter>
    </ClCompile>
    <ClCompile Include="Source\Engine\BaseGraphics\SpriteSheet.cpp">
      <Filter>Source Files\Engine\BaseGraphics</Filter>
    </ClCompile>
    <ClCompile Include="Source\GameScreens\MapData\Layer.cpp">
      <Filter>Source Files\Screens\MapData</Filter>
    </ClCompile>
    <ClCompile Include="Source\GameScreens\MapData\MAPFile.cpp">
      <Filter>Source Files\Screens\MapData</Filter>
    </ClCompile>
    <ClCompile Include="Source\GameObjects\PC.cpp">
      <Filter>Source Files\MapObjects</Filter>
    </ClCompile>
    <ClCompile Include="Source\GameObjects\MapObjects\GameObject.cpp">
      <Filter>Source Files\MapObjects</Filter>
    </ClCompile>
    <ClCompile Include="Source\GameObjects\MapObjects\InteractableObject.cpp">
      <Filter>Source Files\MapObjects</Filter>
    </ClCompile>
    <ClCompile Include="Source\GameObjects\MapObjects\EventObject.cpp">
      <Filter>Source Files\MapObjects</Filter>
    </ClCompile>
    <ClCompile Include="Source\GameObjects\BattleObjects\BattleCharacter.cpp">
      <Filter>Source Files\BattleObjects</Filter>
    </ClCompile>
    <ClCompile Include="Source\GameObjects\BattleCommand.cpp">
      <Filter>Source Files\BattleObjects</Filter>
    </ClCompile>
    <ClCompile Include="Source\GameObjects\BattleObjects\BattleSprite.cpp">
      <Filter>Source Files\BattleObjects</Filter>
    </ClCompile>
    <ClCompile Include="Source\GameObjects\BattleObjects\Enemies\Enemy.cpp">
      <Filter>Source Files\BattleObjects</Filter>
    </ClCompile>
  </ItemGroup>
  <ItemGroup>
    <ClInclude Include="Source\Game.h">
      <Filter>Header Files</Filter>
    </ClInclude>
    <ClInclude Include="Source\Engine\GameEngine.h">
      <Filter>Header Files\Engine</Filter>
    </ClInclude>
    <ClInclude Include="Source\Engine\GraphicsEngine.h">
      <Filter>Header Files\Engine</Filter>
    </ClInclude>
    <ClInclude Include="Source\Engine\Input.h">
      <Filter>Header Files\Engine</Filter>
    </ClInclude>
    <ClInclude Include="Source\Engine\BaseGraphics\Background.h">
      <Filter>Header Files\Engine\BaseGraphics</Filter>
    </ClInclude>
    <ClInclude Include="Source\Engine\BaseGraphics\IElement2D.h">
      <Filter>Header Files\Engine\BaseGraphics</Filter>
    </ClInclude>
    <ClInclude Include="Source\Engine\BaseGraphics\Sprite.h">
      <Filter>Header Files\Engine\BaseGraphics</Filter>
    </ClInclude>
    <ClInclude Include="Source\Engine\BaseGraphics\FontSet.h">
      <Filter>Header Files\Engine\BaseGraphics</Filter>
    </ClInclude>
    <ClInclude Include="Source\assets.h">
      <Filter>Header Files</Filter>
    </ClInclude>
    <ClInclude Include="Source\globals.h">
      <Filter>Header Files</Filter>
    </ClInclude>
    <ClInclude Include="Source\GameScreens\BattleScreen.h">
      <Filter>Header Files\Screens</Filter>
    </ClInclude>
    <ClInclude Include="Source\GameScreens\MapScreen.h">
      <Filter>Header Files\Screens</Filter>
    </ClInclude>
    <ClInclude Include="Source\GameScreens\MenuScreen.h">
      <Filter>Header Files\Screens</Filter>
    </ClInclude>
    <ClInclude Include="Source\GameScreens\Screen.h">
      <Filter>Header Files\Screens</Filter>
    </ClInclude>
    <ClInclude Include="Source\GameObjects\GUIObjects\TextLabel.h">
      <Filter>Header Files\GUI</Filter>
    </ClInclude>
    <ClInclude Include="Source\GameObjects\GUIObjects\Dialog.h">
      <Filter>Header Files\GUI</Filter>
    </ClInclude>
    <ClInclude Include="Source\GameObjects\GUIObjects\Button.h">
      <Filter>Header Files\GUI</Filter>
    </ClInclude>
    <ClInclude Include="Source\Engine\MouseController.h">
      <Filter>Header Files\Engine</Filter>
    </ClInclude>
    <ClInclude Include="Source\GameObjects\GUIObjects\TextBox.h">
      <Filter>Header Files\GUI</Filter>
    </ClInclude>
    <ClInclude Include="Source\GameObjects\GUIObjects\ListBox.h">
      <Filter>Header Files\GUI</Filter>
    </ClInclude>
    <ClInclude Include="Source\GameObjects\GUIObjects\CommandBox.h">
      <Filter>Header Files\GUI</Filter>
    </ClInclude>
    <ClInclude Include="Source\GameObjects\GUIObjects\TextBoxManager.h">
      <Filter>Header Files\GUI</Filter>
    </ClInclude>
    <ClInclude Include="Source\GameObjects\GUIObjects\MenuTest.h">
      <Filter>Header Files</Filter>
    </ClInclude>
    <ClInclude Include="Source\GameObjects\GUIObjects\GUIBox.h">
      <Filter>Header Files\GUI</Filter>
    </ClInclude>
    <ClInclude Include="Source\GameObjects\GUIObjects\AlphaInputBox.h">
      <Filter>Header Files\GUI</Filter>
    </ClInclude>
    <ClInclude Include="Source\Engine\SimpleKeyboard.h">
      <Filter>Header Files\Engine</Filter>
    </ClInclude>
    <ClInclude Include="Source\GameObjects\GameVariables.h">
      <Filter>Header Files</Filter>
    </ClInclude>
    <ClInclude Include="Source\Engine\BaseGraphics\SpriteSheet.h">
      <Filter>Header Files\Engine\BaseGraphics</Filter>
    </ClInclude>
    <ClInclude Include="Source\GameScreens\MapData\Layer.h">
      <Filter>Header Files\Screens\MapData</Filter>
    </ClInclude>
    <ClInclude Include="Source\GameScreens\MapData\MAPFile.h">
      <Filter>Header Files\Screens\MapData</Filter>
    </ClInclude>
    <ClInclude Include="Source\GameObjects\PC.h">
      <Filter>Header Files\MapObjects</Filter>
    </ClInclude>
    <ClInclude Include="Source\GameObjects\MapObjects\EventObject.h">
      <Filter>Header Files\MapObjects</Filter>
    </ClInclude>
    <ClInclude Include="Source\GameObjects\MapObjects\GameObject.h">
      <Filter>Header Files\MapObjects</Filter>
    </ClInclude>
    <ClInclude Include="Source\GameObjects\MapObjects\InteractableObject.h">
      <Filter>Header Files\MapObjects</Filter>
    </ClInclude>
    <ClInclude Include="Source\GameObjects\BattleObjects\BattleCharacter.h">
      <Filter>Header Files\BattleObjects</Filter>
    </ClInclude>
    <ClInclude Include="Source\GameObjects\BattleCommand.h">
      <Filter>Header Files\BattleObjects</Filter>
    </ClInclude>
    <ClInclude Include="Source\GameObjects\BattleObjects\BattleSprite.h">
      <Filter>Header Files\BattleObjects</Filter>
    </ClInclude>
    <ClInclude Include="Source\GameObjects\BattleObjects\Enemies\Enemy.h">
      <Filter>Header Files\BattleObjects</Filter>
    </ClInclude>
  </ItemGroup>
  <ItemGroup>
    <None Include="packages.config" />
  </ItemGroup>
  <ItemGroup>
    <Xml Include="assets\text\GameText.xml" />
    <Xml Include="assets\text\SpriteFiles.xml" />
    <Xml Include="assets\text\MapLegend.xml" />
  </ItemGroup>
</Project>